
Microsoft Visual Studio Solution File, Format Version 12.00
# Visual Studio 2015
Project("{FAE04EC0-301F-11D3-BF4B-00C04F79EFBC}") = "countingsheeps-programming.CSharp.Plugins", "countingsheeps-programming.CSharp.Plugins.csproj", "{31CD6783-B205-E009-E377-C01BEFAD1116}"
EndProject
Project("{FAE04EC0-301F-11D3-BF4B-00C04F79EFBC}") = "countingsheeps-programming.CSharp", "countingsheeps-programming.CSharp.csproj", "{AD4C96AB-8B19-5454-D0EE-9C6779E9C52A}"
EndProject
Project("{FAE04EC0-301F-11D3-BF4B-00C04F79EFBC}") = "countingsheeps-programming.CSharp.Editor", "countingsheeps-programming.CSharp.Editor.csproj", "{7CA8285B-83F8-673D-CE9E-E1785AD50CAB}"
EndProject
Global
	GlobalSection(SolutionConfigurationPlatforms) = preSolution
		Debug|Any CPU = Debug|Any CPU
		Release|Any CPU = Release|Any CPU
	EndGlobalSection
	GlobalSection(ProjectConfigurationPlatforms) = postSolution
		{31CD6783-B205-E009-E377-C01BEFAD1116}.Debug|Any CPU.ActiveCfg = Debug|Any CPU
		{31CD6783-B205-E009-E377-C01BEFAD1116}.Debug|Any CPU.Build.0 = Debug|Any CPU
		{31CD6783-B205-E009-E377-C01BEFAD1116}.Release|Any CPU.ActiveCfg = Release|Any CPU
		{31CD6783-B205-E009-E377-C01BEFAD1116}.Release|Any CPU.Build.0 = Release|Any CPU
		{AD4C96AB-8B19-5454-D0EE-9C6779E9C52A}.Debug|Any CPU.ActiveCfg = Debug|Any CPU
		{AD4C96AB-8B19-5454-D0EE-9C6779E9C52A}.Debug|Any CPU.Build.0 = Debug|Any CPU
		{AD4C96AB-8B19-5454-D0EE-9C6779E9C52A}.Release|Any CPU.ActiveCfg = Release|Any CPU
		{AD4C96AB-8B19-5454-D0EE-9C6779E9C52A}.Release|Any CPU.Build.0 = Release|Any CPU
		{7CA8285B-83F8-673D-CE9E-E1785AD50CAB}.Debug|Any CPU.ActiveCfg = Debug|Any CPU
		{7CA8285B-83F8-673D-CE9E-E1785AD50CAB}.Debug|Any CPU.Build.0 = Debug|Any CPU
		{7CA8285B-83F8-673D-CE9E-E1785AD50CAB}.Release|Any CPU.ActiveCfg = Release|Any CPU
		{7CA8285B-83F8-673D-CE9E-E1785AD50CAB}.Release|Any CPU.Build.0 = Release|Any CPU
	EndGlobalSection
	GlobalSection(SolutionProperties) = preSolution
		HideSolutionNode = FALSE
	EndGlobalSection
EndGlobal
